
Microsoft Visual Studio Solution File, Format Version 12.00
# Visual Studio Version 16
VisualStudioVersion = 16.0.30717.126
MinimumVisualStudioVersion = 10.0.40219.1
Project("{FAE04EC0-301F-11D3-BF4B-00C04F79EFBC}") = "pr11v6", "pr11v6\pr11v6.csproj", "{1F8EFAEA-1C5A-44BB-B03D-C4AE89846772}"
EndProject
Global
	GlobalSection(SolutionConfigurationPlatforms) = preSolution
		Debug|Any CPU = Debug|Any CPU
		Release|Any CPU = Release|Any CPU
	EndGlobalSection
	GlobalSection(ProjectConfigurationPlatforms) = postSolution
		{1F8EFAEA-1C5A-44BB-B03D-C4AE89846772}.Debug|Any CPU.ActiveCfg = Debug|Any CPU
		{1F8EFAEA-1C5A-44BB-B03D-C4AE89846772}.Debug|Any CPU.Build.0 = Debug|Any CPU
		{1F8EFAEA-1C5A-44BB-B03D-C4AE89846772}.Release|Any CPU.ActiveCfg = Release|Any CPU
		{1F8EFAEA-1C5A-44BB-B03D-C4AE89846772}.Release|Any CPU.Build.0 = Release|Any CPU
	EndGlobalSection
	GlobalSection(SolutionProperties) = preSolution
		HideSolutionNode = FALSE
	EndGlobalSection
	GlobalSection(ExtensibilityGlobals) = postSolution
		SolutionGuid = {1931FF62-F677-41B8-B554-0A33C13EB952}
	EndGlobalSection
EndGlobal
